// !$*UTF8*$!
{
	archiveVersion = 1;
	classes = {
	};
	objectVersion = 50;
	objects = {

/* Begin PBXBuildFile section */
		69A8DA4A2270E2320066ED09 /* AppDelegate.swift in Sources */ = {isa = PBXBuildFile; fileRef = 69A8DA492270E2320066ED09 /* AppDelegate.swift */; };
		69A8DA4C2270E2320066ED09 /* ViewController.swift in Sources */ = {isa = PBXBuildFile; fileRef = 69A8DA4B2270E2320066ED09 /* ViewController.swift */; };
		69A8DA4F2270E2320066ED09 /* Main.storyboard in Resources */ = {isa = PBXBuildFile; fileRef = 69A8DA4D2270E2320066ED09 /* Main.storyboard */; };
		69A8DA522270E2320066ED09 /* Farty_Arty.xcdatamodeld in Sources */ = {isa = PBXBuildFile; fileRef = 69A8DA502270E2320066ED09 /* Farty_Arty.xcdatamodeld */; };
		69A8DA572270E2330066ED09 /* LaunchScreen.storyboard in Resources */ = {isa = PBXBuildFile; fileRef = 69A8DA552270E2330066ED09 /* LaunchScreen.storyboard */; };
		69A8DA612270E2790066ED09 /* noise1.wav in Resources */ = {isa = PBXBuildFile; fileRef = 69A8DA5E2270E2790066ED09 /* noise1.wav */; };
		69A8DA622270E2790066ED09 /* noise3.wav in Resources */ = {isa = PBXBuildFile; fileRef = 69A8DA5F2270E2790066ED09 /* noise3.wav */; };
		69A8DA632270E2790066ED09 /* noise2.wav in Resources */ = {isa = PBXBuildFile; fileRef = 69A8DA602270E2790066ED09 /* noise2.wav */; };
		69A8DA662270E4600066ED09 /* Assets.xcassets in Resources */ = {isa = PBXBuildFile; fileRef = 69A8DA652270E45F0066ED09 /* Assets.xcassets */; };
		69A8DA682270F3FE0066ED09 /* noise4.wav in Resources */ = {isa = PBXBuildFile; fileRef = 69A8DA672270F3FE0066ED09 /* noise4.wav */; };
/* End PBXBuildFile section */

/* Begin PBXFileReference section */
		69A8DA462270E2320066ED09 /* Farty Arty.app */ = {isa = PBXFileReference; explicitFileType = wrapper.application; includeInIndex = 0; path = "Farty Arty.app"; sourceTree = BUILT_PRODUCTS_DIR; };
		69A8DA492270E2320066ED09 /* AppDelegate.swift */ = {isa = PBXFileReference; lastKnownFileType = sourcecode.swift; path = AppDelegate.swift; sourceTree = "<group>"; };
		69A8DA4B2270E2320066ED09 /* ViewController.swift */ = {isa = PBXFileReference; lastKnownFileType = sourcecode.swift; path = ViewController.swift; sourceTree = "<group>"; };
		69A8DA4E2270E2320066ED09 /* Base */ = {isa = PBXFileReference; lastKnownFileType = file.storyboard; name = Base; path = Base.lproj/Main.storyboard; sourceTree = "<group>"; };
		69A8DA512270E2320066ED09 /* Farty_Arty.xcdatamodel */ = {isa = PBXFileReference; lastKnownFileType = wrapper.xcdatamodel; path = Farty_Arty.xcdatamodel; sourceTree = "<group>"; };
		69A8DA562270E2330066ED09 /* Base */ = {isa = PBXFileReference; lastKnownFileType = file.storyboard; name = Base; path = Base.lproj/LaunchScreen.storyboard; sourceTree = "<group>"; };
		69A8DA582270E2330066ED09 /* Info.plist */ = {isa = PBXFileReference; lastKnownFileType = text.plist.xml; path = Info.plist; sourceTree = "<group>"; };
		69A8DA5E2270E2790066ED09 /* noise1.wav */ = {isa = PBXFileReference; lastKnownFileType = audio.wav; path = noise1.wav; sourceTree = "<group>"; };
		69A8DA5F2270E2790066ED09 /* noise3.wav */ = {isa = PBXFileReference; lastKnownFileType = audio.wav; path = noise3.wav; sourceTree = "<group>"; };
		69A8DA602270E2790066ED09 /* noise2.wav */ = {isa = PBXFileReference; lastKnownFileType = audio.wav; path = noise2.wav; sourceTree = "<group>"; };
		69A8DA652270E45F0066ED09 /* Assets.xcassets */ = {isa = PBXFileReference; lastKnownFileType = folder.assetcatalog; name = Assets.xcassets; path = "/Users/trevor/Downloads/Farty Arty/Farty Arty/Assets.xcassets"; sourceTree = "<absolute>"; };
		69A8DA672270F3FE0066ED09 /* noise4.wav */ = {isa = PBXFileReference; lastKnownFileType = audio.wav; path = noise4.wav; sourceTree = "<group>"; };
/* End PBXFileReference section */

/* Begin PBXFrameworksBuildPhase section */
		69A8DA432270E2320066ED09 /* Frameworks */ = {
			isa = PBXFrameworksBuildPhase;
			buildActionMask = 2147483647;
			files = (
			);
			runOnlyForDeploymentPostprocessing = 0;
		};
/* End PBXFrameworksBuildPhase section */

/* Begin PBXGroup section */
		69A8DA3D2270E2320066ED09 = {
			isa = PBXGroup;
			children = (
				69A8DA482270E2320066ED09 /* Farty Arty */,
				69A8DA472270E2320066ED09 /* Products */,
			);
			sourceTree = "<group>";
		};
		69A8DA472270E2320066ED09 /* Products */ = {
			isa = PBXGroup;
			children = (
				69A8DA462270E2320066ED09 /* Farty Arty.app */,
			);
			name = Products;
			sourceTree = "<group>";
		};
		69A8DA482270E2320066ED09 /* Farty Arty */ = {
			isa = PBXGroup;
			children = (
				69A8DA642270E2C90066ED09 /* Sound */,
				69A8DA492270E2320066ED09 /* AppDelegate.swift */,
				69A8DA652270E45F0066ED09 /* Assets.xcassets */,
				69A8DA4B2270E2320066ED09 /* ViewController.swift */,
				69A8DA4D2270E2320066ED09 /* Main.storyboard */,
				69A8DA552270E2330066ED09 /* LaunchScreen.storyboard */,
				69A8DA582270E2330066ED09 /* Info.plist */,
				69A8DA502270E2320066ED09 /* Farty_Arty.xcdatamodeld */,
			);
			path = "Farty Arty";
			sourceTree = "<group>";
		};
		69A8DA642270E2C90066ED09 /* Sound */ = {
			isa = PBXGroup;
			children = (
				69A8DA672270F3FE0066ED09 /* noise4.wav */,
				69A8DA5F2270E2790066ED09 /* noise3.wav */,
				69A8DA602270E2790066ED09 /* noise2.wav */,
				69A8DA5E2270E2790066ED09 /* noise1.wav */,
			);
			path = Sound;
			sourceTree = "<group>";
		};
/* End PBXGroup section */

/* Begin PBXNativeTarget section */
		69A8DA452270E2320066ED09 /* Farty Arty */ = {
			isa = PBXNativeTarget;
			buildConfigurationList = 69A8DA5B2270E2330066ED09 /* Build configuration list for PBXNativeTarget "Farty Arty" */;
			buildPhases = (
				69A8DA422270E2320066ED09 /* Sources */,
				69A8DA432270E2320066ED09 /* Frameworks */,
				69A8DA442270E2320066ED09 /* Resources */,
			);
			buildRules = (
			);
			dependencies = (
			);
			name = "Farty Arty";
			productName = "Farty Arty";
			productReference = 69A8DA462270E2320066ED09 /* Farty Arty.app */;
			productType = "com.apple.product-type.application";
		};
/* End PBXNativeTarget section */

/* Begin PBXProject section */
		69A8DA3E2270E2320066ED09 /* Project object */ = {
			isa = PBXProject;
			attributes = {
				LastSwiftUpdateCheck = 1020;
				LastUpgradeCheck = 1020;
				ORGANIZATIONNAME = "Trevor Gorham";
				TargetAttributes = {
					69A8DA452270E2320066ED09 = {
						CreatedOnToolsVersion = 10.2.1;
					};
				};
			};
			buildConfigurationList = 69A8DA412270E2320066ED09 /* Build configuration list for PBXProject "Farty Arty" */;
			compatibilityVersion = "Xcode 9.3";
			developmentRegion = en;
			hasScannedForEncodings = 0;
			knownRegions = (
				en,
				Base,
			);
			mainGroup = 69A8DA3D2270E2320066ED09;
			productRefGroup = 69A8DA472270E2320066ED09 /* Products */;
			projectDirPath = "";
			projectRoot = "";
			targets = (
				69A8DA452270E2320066ED09 /* Farty Arty */,
			);
		};
/* End PBXProject section */

/* Begin PBXResourcesBuildPhase section */
		69A8DA442270E2320066ED09 /* Resources */ = {
			isa = PBXResourcesBuildPhase;
			buildActionMask = 2147483647;
			files = (
				69A8DA572270E2330066ED09 /* LaunchScreen.storyboard in Resources */,
				69A8DA612270E2790066ED09 /* noise1.wav in Resources */,
				69A8DA622270E2790066ED09 /* noise3.wav in Resources */,
				69A8DA632270E2790066ED09 /* noise2.wav in Resources */,
				69A8DA662270E4600066ED09 /* Assets.xcassets in Resources */,
				69A8DA682270F3FE0066ED09 /* noise4.wav in Resources */,
				69A8DA4F2270E2320066ED09 /* Main.storyboard in Resources */,
			);
			runOnlyForDeploymentPostprocessing = 0;
		};
/* End PBXResourcesBuildPhase section */

/* Begin PBXSourcesBuildPhase section */
		69A8DA422270E2320066ED09 /* Sources */ = {
			isa = PBXSourcesBuildPhase;
			buildActionMask = 2147483647;
			files = (
				69A8DA522270E2320066ED09 /* Farty_Arty.xcdatamodeld in Sources */,
				69A8DA4C2270E2320066ED09 /* ViewController.swift in Sources */,
				69A8DA4A2270E2320066ED09 /* AppDelegate.swift in Sources */,
			);
			runOnlyForDeploymentPostprocessing = 0;
		};
/* End PBXSourcesBuildPhase section */

/* Begin PBXVariantGroup section */
		69A8DA4D2270E2320066ED09 /* Main.storyboard */ = {
			isa = PBXVariantGroup;
			children = (
				69A8DA4E2270E2320066ED09 /* Base */,
			);
			name = Main.storyboard;
			sourceTree = "<group>";
		};
		69A8DA552270E2330066ED09 /* LaunchScreen.storyboard */ = {
			isa = PBXVariantGroup;
			children = (
				69A8DA562270E2330066ED09 /* Base */,
			);
			name = LaunchScreen.storyboard;
			sourceTree = "<group>";
		};
/* End PBXVariantGroup section */

/* Begin XCBuildConfiguration section */
		69A8DA592270E2330066ED09 /* Debug */ = {
			isa = XCBuildConfiguration;
			buildSettings = {
				ALWAYS_SEARCH_USER_PATHS = NO;
				CLANG_ANALYZER_NONNULL = YES;
				CLANG_ANALYZER_NUMBER_OBJECT_CONVERSION = YES_AGGRESSIVE;
				CLANG_CXX_LANGUAGE_STANDARD = "gnu++14";
				CLANG_CXX_LIBRARY = "libc++";
				CLANG_ENABLE_MODULES = YES;
				CLANG_ENABLE_OBJC_ARC = YES;
				CLANG_ENABLE_OBJC_WEAK = YES;
				CLANG_WARN_BLOCK_CAPTURE_AUTORELEASING = YES;
				CLANG_WARN_BOOL_CONVERSION = YES;
				CLANG_WARN_COMMA = YES;
				CLANG_WARN_CONSTANT_CONVERSION = YES;
				CLANG_WARN_DEPRECATED_OBJC_IMPLEMENTATIONS = YES;
				CLANG_WARN_DIRECT_OBJC_ISA_USAGE = YES_ERROR;
				CLANG_WARN_DOCUMENTATION_COMMENTS = YES;
				CLANG_WARN_EMPTY_BODY = YES;
				CLANG_WARN_ENUM_CONVERSION = YES;
				CLANG_WARN_INFINITE_RECURSION = YES;
				CLANG_WARN_INT_CONVERSION = YES;
				CLANG_WARN_NON_LITERAL_NULL_CONVERSION = YES;
				CLANG_WARN_OBJC_IMPLICIT_RETAIN_SELF = YES;
				CLANG_WARN_OBJC_LITERAL_CONVERSION = YES;
				CLANG_WARN_OBJC_ROOT_CLASS = YES_ERROR;
				CLANG_WARN_RANGE_LOOP_ANALYSIS = YES;
				CLANG_WARN_STRICT_PROTOTYPES = YES;
				CLANG_WARN_SUSPICIOUS_MOVE = YES;
				CLANG_WARN_UNGUARDED_AVAILABILITY = YES_AGGRESSIVE;
				CLANG_WARN_UNREACHABLE_CODE = YES;
				CLANG_WARN__DUPLICATE_METHOD_MATCH = YES;
				CODE_SIGN_IDENTITY = "iPhone Developer";
				COPY_PHASE_STRIP = NO;
				DEBUG_INFORMATION_FORMAT = dwarf;
				ENABLE_STRICT_OBJC_MSGSEND = YES;
				ENABLE_TESTABILITY = YES;
				GCC_C_LANGUAGE_STANDARD = gnu11;
				GCC_DYNAMIC_NO_PIC = NO;
				GCC_NO_COMMON_BLOCKS = YES;
				GCC_OPTIMIZATION_LEVEL = 0;
				GCC_PREPROCESSOR_DEFINITIONS = (
					"DEBUG=1",
					"$(inherited)",
				);
				GCC_WARN_64_TO_32_BIT_CONVERSION = YES;
				GCC_WARN_ABOUT_RETURN_TYPE = YES_ERROR;
				GCC_WARN_UNDECLARED_SELECTOR = YES;
				GCC_WARN_UNINITIALIZED_AUTOS = YES_AGGRESSIVE;
				GCC_WARN_UNUSED_FUNCTION = YES;
				GCC_WARN_UNUSED_VARIABLE = YES;
				IPHONEOS_DEPLOYMENT_TARGET = 12.2;
				MTL_ENABLE_DEBUG_INFO = INCLUDE_SOURCE;
				MTL_FAST_MATH = YES;
				ONLY_ACTIVE_ARCH = YES;
				SDKROOT = iphoneos;
				SWIFT_ACTIVE_COMPILATION_CONDITIONS = DEBUG;
				SWIFT_OPTIMIZATION_LEVEL = "-Onone";
			};
			name = Debug;
		};
		69A8DA5A2270E2330066ED09 /* Release */ = {
			isa = XCBuildConfiguration;
			buildSettings = {
				ALWAYS_SEARCH_USER_PATHS = NO;
				CLANG_ANALYZER_NONNULL = YES;
				CLANG_ANALYZER_NUMBER_OBJECT_CONVERSION = YES_AGGRESSIVE;
				CLANG_CXX_LANGUAGE_STANDARD = "gnu++14";
				CLANG_CXX_LIBRARY = "libc++";
				CLANG_ENABLE_MODULES = YES;
				CLANG_ENABLE_OBJC_ARC = YES;
				CLANG_ENABLE_OBJC_WEAK = YES;
				CLANG_WARN_BLOCK_CAPTURE_AUTORELEASING = YES;
				CLANG_WARN_BOOL_CONVERSION = YES;
				CLANG_WARN_COMMA = YES;
				CLANG_WARN_CONSTANT_CONVERSION = YES;
				CLANG_WARN_DEPRECATED_OBJC_IMPLEMENTATIONS = YES;
				CLANG_WARN_DIRECT_OBJC_ISA_USAGE = YES_ERROR;
				CLANG_WARN_DOCUMENTATION_COMMENTS = YES;
				CLANG_WARN_EMPTY_BODY = YES;
				CLANG_WARN_ENUM_CONVERSION = YES;
				CLANG_WARN_INFINITE_RECURSION = YES;
				CLANG_WARN_INT_CONVERSION = YES;
				CLANG_WARN_NON_LITERAL_NULL_CONVERSION = YES;
				CLANG_WARN_OBJC_IMPLICIT_RETAIN_SELF = YES;
				CLANG_WARN_OBJC_LITERAL_CONVERSION = YES;
				CLANG_WARN_OBJC_ROOT_CLASS = YES_ERROR;
				CLANG_WARN_RANGE_LOOP_ANALYSIS = YES;
				CLANG_WARN_STRICT_PROTOTYPES = YES;
				CLANG_WARN_SUSPICIOUS_MOVE = YES;
				CLANG_WARN_UNGUARDED_AVAILABILITY = YES_AGGRESSIVE;
				CLANG_WARN_UNREACHABLE_CODE = YES;
				CLANG_WARN__DUPLICATE_METHOD_MATCH = YES;
				CODE_SIGN_IDENTITY = "iPhone Developer";
				COPY_PHASE_STRIP = NO;
				DEBUG_INFORMATION_FORMAT = "dwarf-with-dsym";
				ENABLE_NS_ASSERTIONS = NO;
				ENABLE_STRICT_OBJC_MSGSEND = YES;
				GCC_C_LANGUAGE_STANDARD = gnu11;
				GCC_NO_COMMON_BLOCKS = YES;
				GCC_WARN_64_TO_32_BIT_CONVERSION = YES;
				GCC_WARN_ABOUT_RETURN_TYPE = YES_ERROR;
				GCC_WARN_UNDECLARED_SELECTOR = YES;
				GCC_WARN_UNINITIALIZED_AUTOS = YES_AGGRESSIVE;
				GCC_WARN_UNUSED_FUNCTION = YES;
				GCC_WARN_UNUSED_VARIABLE = YES;
				IPHONEOS_DEPLOYMENT_TARGET = 12.2;
				MTL_ENABLE_DEBUG_INFO = NO;
				MTL_FAST_MATH = YES;
				SDKROOT = iphoneos;
				SWIFT_COMPILATION_MODE = wholemodule;
				SWIFT_OPTIMIZATION_LEVEL = "-O";
				VALIDATE_PRODUCT = YES;
			};
			name = Release;
		};
		69A8DA5C2270E2330066ED09 /* Debug */ = {
			isa = XCBuildConfiguration;
			buildSettings = {
				ASSETCATALOG_COMPILER_APPICON_NAME = AppIcon;
				CODE_SIGN_STYLE = Automatic;
				DEVELOPMENT_TEAM = SNH3X6X3Y9;
				INFOPLIST_FILE = "Farty Arty/Info.plist";
				LD_RUNPATH_SEARCH_PATHS = (
					"$(inherited)",
					"@executable_path/Frameworks",
				);
				PRODUCT_BUNDLE_IDENTIFIER = "com.trevorgorham.diceapp.Farty-Arty";
				PRODUCT_NAME = "$(TARGET_NAME)";
				SWIFT_VERSION = 5.0;
				TARGETED_DEVICE_FAMILY = "1,2";
			};
			name = Debug;
		};
		69A8DA5D2270E2330066ED09 /* Release */ = {
			isa = XCBuildConfiguration;
			buildSettings = {
				ASSETCATALOG_COMPILER_APPICON_NAME = AppIcon;
				CODE_SIGN_STYLE = Automatic;
				DEVELOPMENT_TEAM = SNH3X6X3Y9;
				INFOPLIST_FILE = "Farty Arty/Info.plist";
				LD_RUNPATH_SEARCH_PATHS = (
					"$(inherited)",
					"@executable_path/Frameworks",
				);
				PRODUCT_BUNDLE_IDENTIFIER = "com.trevorgorham.diceapp.Farty-Arty";
				PRODUCT_NAME = "$(TARGET_NAME)";
				SWIFT_VERSION = 5.0;
				TARGETED_DEVICE_FAMILY = "1,2";
			};
			name = Release;
		};
/* End XCBuildConfiguration section */

/* Begin XCConfigurationList section */
		69A8DA412270E2320066ED09 /* Build configuration list for PBXProject "Farty Arty" */ = {
			isa = XCConfigurationList;
			buildConfigurations = (
				69A8DA592270E2330066ED09 /* Debug */,
				69A8DA5A2270E2330066ED09 /* Release */,
			);
			defaultConfigurationIsVisible = 0;
			defaultConfigurationName = Release;
		};
		69A8DA5B2270E2330066ED09 /* Build configuration list for PBXNativeTarget "Farty Arty" */ = {
			isa = XCConfigurationList;
			buildConfigurations = (
				69A8DA5C2270E2330066ED09 /* Debug */,
				69A8DA5D2270E2330066ED09 /* Release */,
			);
			defaultConfigurationIsVisible = 0;
			defaultConfigurationName = Release;
		};
/* End XCConfigurationList section */

/* Begin XCVersionGroup section */
		69A8DA502270E2320066ED09 /* Farty_Arty.xcdatamodeld */ = {
			isa = XCVersionGroup;
			children = (
				69A8DA512270E2320066ED09 /* Farty_Arty.xcdatamodel */,
			);
			currentVersion = 69A8DA512270E2320066ED09 /* Farty_Arty.xcdatamodel */;
			path = Farty_Arty.xcdatamodeld;
			sourceTree = "<group>";
			versionGroupType = wrapper.xcdatamodel;
		};
/* End XCVersionGroup section */
	};
	rootObject = 69A8DA3E2270E2320066ED09 /* Project object */;
}
